
Microsoft Visual Studio Solution File, Format Version 12.00
# Visual Studio Version 16
VisualStudioVersion = 16.0.29324.140
MinimumVisualStudioVersion = 10.0.40219.1
Project("{FAE04EC0-301F-11D3-BF4B-00C04F79EFBC}") = "SpeechtoTextFORM", "SpeechtoTextFORM.csproj", "{4976D509-738C-4BA6-8466-E06C45A1FB09}"
EndProject
Global
	GlobalSection(SolutionConfigurationPlatforms) = preSolution
		Debug|Any CPU = Debug|Any CPU
		Release|Any CPU = Release|Any CPU
	EndGlobalSection
	GlobalSection(ProjectConfigurationPlatforms) = postSolution
		{4976D509-738C-4BA6-8466-E06C45A1FB09}.Debug|Any CPU.ActiveCfg = Debug|Any CPU
		{4976D509-738C-4BA6-8466-E06C45A1FB09}.Debug|Any CPU.Build.0 = Debug|Any CPU
		{4976D509-738C-4BA6-8466-E06C45A1FB09}.Release|Any CPU.ActiveCfg = Release|Any CPU
		{4976D509-738C-4BA6-8466-E06C45A1FB09}.Release|Any CPU.Build.0 = Release|Any CPU
	EndGlobalSection
	GlobalSection(SolutionProperties) = preSolution
		HideSolutionNode = FALSE
	EndGlobalSection
	GlobalSection(ExtensibilityGlobals) = postSolution
		SolutionGuid = {5C13EBA7-5F67-49CA-8A6C-F740F208F73E}
	EndGlobalSection
EndGlobal
